
Microsoft Visual Studio Solution File, Format Version 12.00
# Visual Studio 14
VisualStudioVersion = 14.0.25123.0
MinimumVisualStudioVersion = 10.0.40219.1
Project("{FAE04EC0-301F-11D3-BF4B-00C04F79EFBC}") = "PartyWristbandAPI", "PartyWristbandAPI.csproj", "{7F0C3F75-60CC-413C-97FE-AAFE923F0C1A}"
EndProject
Project("{FAE04EC0-301F-11D3-BF4B-00C04F79EFBC}") = "ZajednickiPaket", "..\ZajednickiPaket\ZajednickiPaket.csproj", "{B9B0FD0E-7854-47D5-99BA-03CEF62D8C79}"
EndProject
Global
	GlobalSection(SolutionConfigurationPlatforms) = preSolution
		Debug|Any CPU = Debug|Any CPU
		Release|Any CPU = Release|Any CPU
	EndGlobalSection
	GlobalSection(ProjectConfigurationPlatforms) = postSolution
		{7F0C3F75-60CC-413C-97FE-AAFE923F0C1A}.Debug|Any CPU.ActiveCfg = Debug|Any CPU
		{7F0C3F75-60CC-413C-97FE-AAFE923F0C1A}.Debug|Any CPU.Build.0 = Debug|Any CPU
		{7F0C3F75-60CC-413C-97FE-AAFE923F0C1A}.Release|Any CPU.ActiveCfg = Release|Any CPU
		{7F0C3F75-60CC-413C-97FE-AAFE923F0C1A}.Release|Any CPU.Build.0 = Release|Any CPU
		{B9B0FD0E-7854-47D5-99BA-03CEF62D8C79}.Debug|Any CPU.ActiveCfg = Debug|Any CPU
		{B9B0FD0E-7854-47D5-99BA-03CEF62D8C79}.Debug|Any CPU.Build.0 = Debug|Any CPU
		{B9B0FD0E-7854-47D5-99BA-03CEF62D8C79}.Release|Any CPU.ActiveCfg = Release|Any CPU
		{B9B0FD0E-7854-47D5-99BA-03CEF62D8C79}.Release|Any CPU.Build.0 = Release|Any CPU
	EndGlobalSection
	GlobalSection(SolutionProperties) = preSolution
		HideSolutionNode = FALSE
	EndGlobalSection
EndGlobal
